// !$*UTF8*$!
{
	archiveVersion = 1;
	classes = {
	};
	objectVersion = 46;
	objects = {

/* Begin PBXBuildFile section */
		27ECBB551EB3B3010029BCFA /* main.m in Sources */ = {isa = PBXBuildFile; fileRef = 27ECBB541EB3B3010029BCFA /* main.m */; };
		27ECBB581EB3B3010029BCFA /* AppDelegate.m in Sources */ = {isa = PBXBuildFile; fileRef = 27ECBB571EB3B3010029BCFA /* AppDelegate.m */; };
		27ECBB5B1EB3B3010029BCFA /* ViewController.m in Sources */ = {isa = PBXBuildFile; fileRef = 27ECBB5A1EB3B3010029BCFA /* ViewController.m */; };
		27ECBB5E1EB3B3020029BCFA /* Main.storyboard in Resources */ = {isa = PBXBuildFile; fileRef = 27ECBB5C1EB3B3020029BCFA /* Main.storyboard */; };
		27ECBB601EB3B3020029BCFA /* Assets.xcassets in Resources */ = {isa = PBXBuildFile; fileRef = 27ECBB5F1EB3B3020029BCFA /* Assets.xcassets */; };
		27ECBB631EB3B3020029BCFA /* LaunchScreen.storyboard in Resources */ = {isa = PBXBuildFile; fileRef = 27ECBB611EB3B3020029BCFA /* LaunchScreen.storyboard */; };
		27ECBB6E1EB3B3020029BCFA /* AcromineTests.m in Sources */ = {isa = PBXBuildFile; fileRef = 27ECBB6D1EB3B3020029BCFA /* AcromineTests.m */; };
		27ECBB791EB3B3020029BCFA /* AcromineUITests.m in Sources */ = {isa = PBXBuildFile; fileRef = 27ECBB781EB3B3020029BCFA /* AcromineUITests.m */; };
		27ECBB951EB3B99C0029BCFA /* AFHTTPSessionManager.m in Sources */ = {isa = PBXBuildFile; fileRef = 27ECBB891EB3B99C0029BCFA /* AFHTTPSessionManager.m */; };
		27ECBB961EB3B99C0029BCFA /* AFNetworkReachabilityManager.m in Sources */ = {isa = PBXBuildFile; fileRef = 27ECBB8C1EB3B99C0029BCFA /* AFNetworkReachabilityManager.m */; };
		27ECBB971EB3B99C0029BCFA /* AFSecurityPolicy.m in Sources */ = {isa = PBXBuildFile; fileRef = 27ECBB8E1EB3B99C0029BCFA /* AFSecurityPolicy.m */; };
		27ECBB981EB3B99C0029BCFA /* AFURLRequestSerialization.m in Sources */ = {isa = PBXBuildFile; fileRef = 27ECBB901EB3B99C0029BCFA /* AFURLRequestSerialization.m */; };
		27ECBB991EB3B99C0029BCFA /* AFURLResponseSerialization.m in Sources */ = {isa = PBXBuildFile; fileRef = 27ECBB921EB3B99C0029BCFA /* AFURLResponseSerialization.m */; };
		27ECBB9A1EB3B99C0029BCFA /* AFURLSessionManager.m in Sources */ = {isa = PBXBuildFile; fileRef = 27ECBB941EB3B99C0029BCFA /* AFURLSessionManager.m */; };
		27ECBBDC1EB3B9C10029BCFA /* MBProgressHUD.m in Sources */ = {isa = PBXBuildFile; fileRef = 27ECBBC11EB3B9C10029BCFA /* MBProgressHUD.m */; };
		27ECBBF11EB3D72E0029BCFA /* AcromineClient.m in Sources */ = {isa = PBXBuildFile; fileRef = 27ECBBF01EB3D72E0029BCFA /* AcromineClient.m */; };
		27ECBBF41EB3EA220029BCFA /* ResultViewController.m in Sources */ = {isa = PBXBuildFile; fileRef = 27ECBBF31EB3EA220029BCFA /* ResultViewController.m */; };
/* End PBXBuildFile section */

/* Begin PBXContainerItemProxy section */
		27ECBB6A1EB3B3020029BCFA /* PBXContainerItemProxy */ = {
			isa = PBXContainerItemProxy;
			containerPortal = 27ECBB481EB3B3010029BCFA /* Project object */;
			proxyType = 1;
			remoteGlobalIDString = 27ECBB4F1EB3B3010029BCFA;
			remoteInfo = Acromine;
		};
		27ECBB751EB3B3020029BCFA /* PBXContainerItemProxy */ = {
			isa = PBXContainerItemProxy;
			containerPortal = 27ECBB481EB3B3010029BCFA /* Project object */;
			proxyType = 1;
			remoteGlobalIDString = 27ECBB4F1EB3B3010029BCFA;
			remoteInfo = Acromine;
		};
/* End PBXContainerItemProxy section */

/* Begin PBXFileReference section */
		27ECBB501EB3B3010029BCFA /* Acromine.app */ = {isa = PBXFileReference; explicitFileType = wrapper.application; includeInIndex = 0; path = Acromine.app; sourceTree = BUILT_PRODUCTS_DIR; };
		27ECBB541EB3B3010029BCFA /* main.m */ = {isa = PBXFileReference; lastKnownFileType = sourcecode.c.objc; path = main.m; sourceTree = "<group>"; };
		27ECBB561EB3B3010029BCFA /* AppDelegate.h */ = {isa = PBXFileReference; lastKnownFileType = sourcecode.c.h; path = AppDelegate.h; sourceTree = "<group>"; };
		27ECBB571EB3B3010029BCFA /* AppDelegate.m */ = {isa = PBXFileReference; lastKnownFileType = sourcecode.c.objc; path = AppDelegate.m; sourceTree = "<group>"; };
		27ECBB591EB3B3010029BCFA /* ViewController.h */ = {isa = PBXFileReference; lastKnownFileType = sourcecode.c.h; path = ViewController.h; sourceTree = "<group>"; };
		27ECBB5A1EB3B3010029BCFA /* ViewController.m */ = {isa = PBXFileReference; lastKnownFileType = sourcecode.c.objc; path = ViewController.m; sourceTree = "<group>"; };
		27ECBB5D1EB3B3020029BCFA /* Base */ = {isa = PBXFileReference; lastKnownFileType = file.storyboard; name = Base; path = Base.lproj/Main.storyboard; sourceTree = "<group>"; };
		27ECBB5F1EB3B3020029BCFA /* Assets.xcassets */ = {isa = PBXFileReference; lastKnownFileType = folder.assetcatalog; path = Assets.xcassets; sourceTree = "<group>"; };
		27ECBB621EB3B3020029BCFA /* Base */ = {isa = PBXFileReference; lastKnownFileType = file.storyboard; name = Base; path = Base.lproj/LaunchScreen.storyboard; sourceTree = "<group>"; };
		27ECBB641EB3B3020029BCFA /* Info.plist */ = {isa = PBXFileReference; lastKnownFileType = text.plist.xml; path = Info.plist; sourceTree = "<group>"; };
		27ECBB691EB3B3020029BCFA /* AcromineTests.xctest */ = {isa = PBXFileReference; explicitFileType = wrapper.cfbundle; includeInIndex = 0; path = AcromineTests.xctest; sourceTree = BUILT_PRODUCTS_DIR; };
		27ECBB6D1EB3B3020029BCFA /* AcromineTests.m */ = {isa = PBXFileReference; lastKnownFileType = sourcecode.c.objc; path = AcromineTests.m; sourceTree = "<group>"; };
		27ECBB6F1EB3B3020029BCFA /* Info.plist */ = {isa = PBXFileReference; lastKnownFileType = text.plist.xml; path = Info.plist; sourceTree = "<group>"; };
		27ECBB741EB3B3020029BCFA /* AcromineUITests.xctest */ = {isa = PBXFileReference; explicitFileType = wrapper.cfbundle; includeInIndex = 0; path = AcromineUITests.xctest; sourceTree = BUILT_PRODUCTS_DIR; };
		27ECBB781EB3B3020029BCFA /* AcromineUITests.m */ = {isa = PBXFileReference; lastKnownFileType = sourcecode.c.objc; path = AcromineUITests.m; sourceTree = "<group>"; };
		27ECBB7A1EB3B3020029BCFA /* Info.plist */ = {isa = PBXFileReference; lastKnownFileType = text.plist.xml; path = Info.plist; sourceTree = "<group>"; };
		27ECBB881EB3B99C0029BCFA /* AFHTTPSessionManager.h */ = {isa = PBXFileReference; fileEncoding = 4; lastKnownFileType = sourcecode.c.h; path = AFHTTPSessionManager.h; sourceTree = "<group>"; };
		27ECBB891EB3B99C0029BCFA /* AFHTTPSessionManager.m */ = {isa = PBXFileReference; fileEncoding = 4; lastKnownFileType = sourcecode.c.objc; path = AFHTTPSessionManager.m; sourceTree = "<group>"; };
		27ECBB8A1EB3B99C0029BCFA /* AFNetworking.h */ = {isa = PBXFileReference; fileEncoding = 4; lastKnownFileType = sourcecode.c.h; path = AFNetworking.h; sourceTree = "<group>"; };
		27ECBB8B1EB3B99C0029BCFA /* AFNetworkReachabilityManager.h */ = {isa = PBXFileReference; fileEncoding = 4; lastKnownFileType = sourcecode.c.h; path = AFNetworkReachabilityManager.h; sourceTree = "<group>"; };
		27ECBB8C1EB3B99C0029BCFA /* AFNetworkReachabilityManager.m */ = {isa = PBXFileReference; fileEncoding = 4; lastKnownFileType = sourcecode.c.objc; path = AFNetworkReachabilityManager.m; sourceTree = "<group>"; };
		27ECBB8D1EB3B99C0029BCFA /* AFSecurityPolicy.h */ = {isa = PBXFileReference; fileEncoding = 4; lastKnownFileType = sourcecode.c.h; path = AFSecurityPolicy.h; sourceTree = "<group>"; };
		27ECBB8E1EB3B99C0029BCFA /* AFSecurityPolicy.m */ = {isa = PBXFileReference; fileEncoding = 4; lastKnownFileType = sourcecode.c.objc; path = AFSecurityPolicy.m; sourceTree = "<group>"; };
		27ECBB8F1EB3B99C0029BCFA /* AFURLRequestSerialization.h */ = {isa = PBXFileReference; fileEncoding = 4; lastKnownFileType = sourcecode.c.h; path = AFURLRequestSerialization.h; sourceTree = "<group>"; };
		27ECBB901EB3B99C0029BCFA /* AFURLRequestSerialization.m */ = {isa = PBXFileReference; fileEncoding = 4; lastKnownFileType = sourcecode.c.objc; path = AFURLRequestSerialization.m; sourceTree = "<group>"; };
		27ECBB911EB3B99C0029BCFA /* AFURLResponseSerialization.h */ = {isa = PBXFileReference; fileEncoding = 4; lastKnownFileType = sourcecode.c.h; path = AFURLResponseSerialization.h; sourceTree = "<group>"; };
		27ECBB921EB3B99C0029BCFA /* AFURLResponseSerialization.m */ = {isa = PBXFileReference; fileEncoding = 4; lastKnownFileType = sourcecode.c.objc; path = AFURLResponseSerialization.m; sourceTree = "<group>"; };
		27ECBB931EB3B99C0029BCFA /* AFURLSessionManager.h */ = {isa = PBXFileReference; fileEncoding = 4; lastKnownFileType = sourcecode.c.h; path = AFURLSessionManager.h; sourceTree = "<group>"; };
		27ECBB941EB3B99C0029BCFA /* AFURLSessionManager.m */ = {isa = PBXFileReference; fileEncoding = 4; lastKnownFileType = sourcecode.c.objc; path = AFURLSessionManager.m; sourceTree = "<group>"; };
		27ECBBC01EB3B9C10029BCFA /* MBProgressHUD.h */ = {isa = PBXFileReference; fileEncoding = 4; lastKnownFileType = sourcecode.c.h; path = MBProgressHUD.h; sourceTree = "<group>"; };
		27ECBBC11EB3B9C10029BCFA /* MBProgressHUD.m */ = {isa = PBXFileReference; fileEncoding = 4; lastKnownFileType = sourcecode.c.objc; path = MBProgressHUD.m; sourceTree = "<group>"; };
		27ECBBEF1EB3D72E0029BCFA /* AcromineClient.h */ = {isa = PBXFileReference; fileEncoding = 4; lastKnownFileType = sourcecode.c.h; path = AcromineClient.h; sourceTree = "<group>"; };
		27ECBBF01EB3D72E0029BCFA /* AcromineClient.m */ = {isa = PBXFileReference; fileEncoding = 4; lastKnownFileType = sourcecode.c.objc; path = AcromineClient.m; sourceTree = "<group>"; };
		27ECBBF21EB3EA220029BCFA /* ResultViewController.h */ = {isa = PBXFileReference; fileEncoding = 4; lastKnownFileType = sourcecode.c.h; path = ResultViewController.h; sourceTree = "<group>"; };
		27ECBBF31EB3EA220029BCFA /* ResultViewController.m */ = {isa = PBXFileReference; fileEncoding = 4; lastKnownFileType = sourcecode.c.objc; path = ResultViewController.m; sourceTree = "<group>"; };
/* End PBXFileReference section */

/* Begin PBXFrameworksBuildPhase section */
		27ECBB4D1EB3B3010029BCFA /* Frameworks */ = {
			isa = PBXFrameworksBuildPhase;
			buildActionMask = 2147483647;
			files = (
			);
			runOnlyForDeploymentPostprocessing = 0;
		};
		27ECBB661EB3B3020029BCFA /* Frameworks */ = {
			isa = PBXFrameworksBuildPhase;
			buildActionMask = 2147483647;
			files = (
			);
			runOnlyForDeploymentPostprocessing = 0;
		};
		27ECBB711EB3B3020029BCFA /* Frameworks */ = {
			isa = PBXFrameworksBuildPhase;
			buildActionMask = 2147483647;
			files = (
			);
			runOnlyForDeploymentPostprocessing = 0;
		};
/* End PBXFrameworksBuildPhase section */

/* Begin PBXGroup section */
		27ECBB471EB3B3010029BCFA = {
			isa = PBXGroup;
			children = (
				27ECBB861EB3B9620029BCFA /* Submodules */,
				27ECBB521EB3B3010029BCFA /* Acromine */,
				27ECBB6C1EB3B3020029BCFA /* AcromineTests */,
				27ECBB771EB3B3020029BCFA /* AcromineUITests */,
				27ECBB511EB3B3010029BCFA /* Products */,
			);
			sourceTree = "<group>";
		};
		27ECBB511EB3B3010029BCFA /* Products */ = {
			isa = PBXGroup;
			children = (
				27ECBB501EB3B3010029BCFA /* Acromine.app */,
				27ECBB691EB3B3020029BCFA /* AcromineTests.xctest */,
				27ECBB741EB3B3020029BCFA /* AcromineUITests.xctest */,
			);
			name = Products;
			sourceTree = "<group>";
		};
		27ECBB521EB3B3010029BCFA /* Acromine */ = {
			isa = PBXGroup;
			children = (
				27ECBBEF1EB3D72E0029BCFA /* AcromineClient.h */,
				27ECBBF01EB3D72E0029BCFA /* AcromineClient.m */,
				27ECBB561EB3B3010029BCFA /* AppDelegate.h */,
				27ECBB571EB3B3010029BCFA /* AppDelegate.m */,
				27ECBB591EB3B3010029BCFA /* ViewController.h */,
				27ECBB5A1EB3B3010029BCFA /* ViewController.m */,
				27ECBB5C1EB3B3020029BCFA /* Main.storyboard */,
				27ECBBF21EB3EA220029BCFA /* ResultViewController.h */,
				27ECBBF31EB3EA220029BCFA /* ResultViewController.m */,
				27ECBB5F1EB3B3020029BCFA /* Assets.xcassets */,
				27ECBB611EB3B3020029BCFA /* LaunchScreen.storyboard */,
				27ECBB641EB3B3020029BCFA /* Info.plist */,
				27ECBB531EB3B3010029BCFA /* Supporting Files */,
			);
			path = Acromine;
			sourceTree = "<group>";
		};
		27ECBB531EB3B3010029BCFA /* Supporting Files */ = {
			isa = PBXGroup;
			children = (
				27ECBB541EB3B3010029BCFA /* main.m */,
			);
			name = "Supporting Files";
			sourceTree = "<group>";
		};
		27ECBB6C1EB3B3020029BCFA /* AcromineTests */ = {
			isa = PBXGroup;
			children = (
				27ECBB6D1EB3B3020029BCFA /* AcromineTests.m */,
				27ECBB6F1EB3B3020029BCFA /* Info.plist */,
			);
			path = AcromineTests;
			sourceTree = "<group>";
		};
		27ECBB771EB3B3020029BCFA /* AcromineUITests */ = {
			isa = PBXGroup;
			children = (
				27ECBB781EB3B3020029BCFA /* AcromineUITests.m */,
				27ECBB7A1EB3B3020029BCFA /* Info.plist */,
			);
			path = AcromineUITests;
			sourceTree = "<group>";
		};
		27ECBB861EB3B9620029BCFA /* Submodules */ = {
			isa = PBXGroup;
			children = (
				27ECBB9B1EB3B9C10029BCFA /* MBProgressHUD */,
				27ECBB871EB3B99C0029BCFA /* AFNetworking */,
			);
			name = Submodules;
			sourceTree = "<group>";
		};
		27ECBB871EB3B99C0029BCFA /* AFNetworking */ = {
			isa = PBXGroup;
			children = (
				27ECBB881EB3B99C0029BCFA /* AFHTTPSessionManager.h */,
				27ECBB891EB3B99C0029BCFA /* AFHTTPSessionManager.m */,
				27ECBB8A1EB3B99C0029BCFA /* AFNetworking.h */,
				27ECBB8B1EB3B99C0029BCFA /* AFNetworkReachabilityManager.h */,
				27ECBB8C1EB3B99C0029BCFA /* AFNetworkReachabilityManager.m */,
				27ECBB8D1EB3B99C0029BCFA /* AFSecurityPolicy.h */,
				27ECBB8E1EB3B99C0029BCFA /* AFSecurityPolicy.m */,
				27ECBB8F1EB3B99C0029BCFA /* AFURLRequestSerialization.h */,
				27ECBB901EB3B99C0029BCFA /* AFURLRequestSerialization.m */,
				27ECBB911EB3B99C0029BCFA /* AFURLResponseSerialization.h */,
				27ECBB921EB3B99C0029BCFA /* AFURLResponseSerialization.m */,
				27ECBB931EB3B99C0029BCFA /* AFURLSessionManager.h */,
				27ECBB941EB3B99C0029BCFA /* AFURLSessionManager.m */,
			);
			name = AFNetworking;
			path = Submodules/AFNetworking/AFNetworking;
			sourceTree = "<group>";
		};
		27ECBB9B1EB3B9C10029BCFA /* MBProgressHUD */ = {
			isa = PBXGroup;
			children = (
				27ECBBC01EB3B9C10029BCFA /* MBProgressHUD.h */,
				27ECBBC11EB3B9C10029BCFA /* MBProgressHUD.m */,
			);
			name = MBProgressHUD;
			path = Submodules/MBProgressHUD;
			sourceTree = "<group>";
		};
/* End PBXGroup section */

/* Begin PBXNativeTarget section */
		27ECBB4F1EB3B3010029BCFA /* Acromine */ = {
			isa = PBXNativeTarget;
			buildConfigurationList = 27ECBB7D1EB3B3020029BCFA /* Build configuration list for PBXNativeTarget "Acromine" */;
			buildPhases = (
				27ECBB4C1EB3B3010029BCFA /* Sources */,
				27ECBB4D1EB3B3010029BCFA /* Frameworks */,
				27ECBB4E1EB3B3010029BCFA /* Resources */,
			);
			buildRules = (
			);
			dependencies = (
			);
			name = Acromine;
			productName = Acromine;
			productReference = 27ECBB501EB3B3010029BCFA /* Acromine.app */;
			productType = "com.apple.product-type.application";
		};
		27ECBB681EB3B3020029BCFA /* AcromineTests */ = {
			isa = PBXNativeTarget;
			buildConfigurationList = 27ECBB801EB3B3020029BCFA /* Build configuration list for PBXNativeTarget "AcromineTests" */;
			buildPhases = (
				27ECBB651EB3B3020029BCFA /* Sources */,
				27ECBB661EB3B3020029BCFA /* Frameworks */,
				27ECBB671EB3B3020029BCFA /* Resources */,
			);
			buildRules = (
			);
			dependencies = (
				27ECBB6B1EB3B3020029BCFA /* PBXTargetDependency */,
			);
			name = AcromineTests;
			productName = AcromineTests;
			productReference = 27ECBB691EB3B3020029BCFA /* AcromineTests.xctest */;
			productType = "com.apple.product-type.bundle.unit-test";
		};
		27ECBB731EB3B3020029BCFA /* AcromineUITests */ = {
			isa = PBXNativeTarget;
			buildConfigurationList = 27ECBB831EB3B3020029BCFA /* Build configuration list for PBXNativeTarget "AcromineUITests" */;
			buildPhases = (
				27ECBB701EB3B3020029BCFA /* Sources */,
				27ECBB711EB3B3020029BCFA /* Frameworks */,
				27ECBB721EB3B3020029BCFA /* Resources */,
			);
			buildRules = (
			);
			dependencies = (
				27ECBB761EB3B3020029BCFA /* PBXTargetDependency */,
			);
			name = AcromineUITests;
			productName = AcromineUITests;
			productReference = 27ECBB741EB3B3020029BCFA /* AcromineUITests.xctest */;
			productType = "com.apple.product-type.bundle.ui-testing";
		};
/* End PBXNativeTarget section */

/* Begin PBXProject section */
		27ECBB481EB3B3010029BCFA /* Project object */ = {
			isa = PBXProject;
			attributes = {
				LastUpgradeCheck = 0830;
				ORGANIZATIONNAME = "Mike Cohen";
				TargetAttributes = {
					27ECBB4F1EB3B3010029BCFA = {
						CreatedOnToolsVersion = 8.3.2;
						DevelopmentTeam = MJQW94A385;
						ProvisioningStyle = Automatic;
					};
					27ECBB681EB3B3020029BCFA = {
						CreatedOnToolsVersion = 8.3.2;
						DevelopmentTeam = MJQW94A385;
						ProvisioningStyle = Automatic;
						TestTargetID = 27ECBB4F1EB3B3010029BCFA;
					};
					27ECBB731EB3B3020029BCFA = {
						CreatedOnToolsVersion = 8.3.2;
						DevelopmentTeam = MJQW94A385;
						ProvisioningStyle = Automatic;
						TestTargetID = 27ECBB4F1EB3B3010029BCFA;
					};
				};
			};
			buildConfigurationList = 27ECBB4B1EB3B3010029BCFA /* Build configuration list for PBXProject "Acromine" */;
			compatibilityVersion = "Xcode 3.2";
			developmentRegion = English;
			hasScannedForEncodings = 0;
			knownRegions = (
				en,
				Base,
			);
			mainGroup = 27ECBB471EB3B3010029BCFA;
			productRefGroup = 27ECBB511EB3B3010029BCFA /* Products */;
			projectDirPath = "";
			projectRoot = "";
			targets = (
				27ECBB4F1EB3B3010029BCFA /* Acromine */,
				27ECBB681EB3B3020029BCFA /* AcromineTests */,
				27ECBB731EB3B3020029BCFA /* AcromineUITests */,
			);
		};
/* End PBXProject section */

/* Begin PBXResourcesBuildPhase section */
		27ECBB4E1EB3B3010029BCFA /* Resources */ = {
			isa = PBXResourcesBuildPhase;
			buildActionMask = 2147483647;
			files = (
				27ECBB631EB3B3020029BCFA /* LaunchScreen.storyboard in Resources */,
				27ECBB601EB3B3020029BCFA /* Assets.xcassets in Resources */,
				27ECBB5E1EB3B3020029BCFA /* Main.storyboard in Resources */,
			);
			runOnlyForDeploymentPostprocessing = 0;
		};
		27ECBB671EB3B3020029BCFA /* Resources */ = {
			isa = PBXResourcesBuildPhase;
			buildActionMask = 2147483647;
			files = (
			);
			runOnlyForDeploymentPostprocessing = 0;
		};
		27ECBB721EB3B3020029BCFA /* Resources */ = {
			isa = PBXResourcesBuildPhase;
			buildActionMask = 2147483647;
			files = (
			);
			runOnlyForDeploymentPostprocessing = 0;
		};
/* End PBXResourcesBuildPhase section */

/* Begin PBXSourcesBuildPhase section */
		27ECBB4C1EB3B3010029BCFA /* Sources */ = {
			isa = PBXSourcesBuildPhase;
			buildActionMask = 2147483647;
			files = (
				27ECBB9A1EB3B99C0029BCFA /* AFURLSessionManager.m in Sources */,
				27ECBB5B1EB3B3010029BCFA /* ViewController.m in Sources */,
				27ECBB581EB3B3010029BCFA /* AppDelegate.m in Sources */,
				27ECBB961EB3B99C0029BCFA /* AFNetworkReachabilityManager.m in Sources */,
				27ECBBF11EB3D72E0029BCFA /* AcromineClient.m in Sources */,
				27ECBB551EB3B3010029BCFA /* main.m in Sources */,
				27ECBB971EB3B99C0029BCFA /* AFSecurityPolicy.m in Sources */,
				27ECBB981EB3B99C0029BCFA /* AFURLRequestSerialization.m in Sources */,
				27ECBB991EB3B99C0029BCFA /* AFURLResponseSerialization.m in Sources */,
				27ECBBDC1EB3B9C10029BCFA /* MBProgressHUD.m in Sources */,
				27ECBB951EB3B99C0029BCFA /* AFHTTPSessionManager.m in Sources */,
				27ECBBF41EB3EA220029BCFA /* ResultViewController.m in Sources */,
			);
			runOnlyForDeploymentPostprocessing = 0;
		};
		27ECBB651EB3B3020029BCFA /* Sources */ = {
			isa = PBXSourcesBuildPhase;
			buildActionMask = 2147483647;
			files = (
				27ECBB6E1EB3B3020029BCFA /* AcromineTests.m in Sources */,
			);
			runOnlyForDeploymentPostprocessing = 0;
		};
		27ECBB701EB3B3020029BCFA /* Sources */ = {
			isa = PBXSourcesBuildPhase;
			buildActionMask = 2147483647;
			files = (
				27ECBB791EB3B3020029BCFA /* AcromineUITests.m in Sources */,
			);
			runOnlyForDeploymentPostprocessing = 0;
		};
/* End PBXSourcesBuildPhase section */

/* Begin PBXTargetDependency section */
		27ECBB6B1EB3B3020029BCFA /* PBXTargetDependency */ = {
			isa = PBXTargetDependency;
			target = 27ECBB4F1EB3B3010029BCFA /* Acromine */;
			targetProxy = 27ECBB6A1EB3B3020029BCFA /* PBXContainerItemProxy */;
		};
		27ECBB761EB3B3020029BCFA /* PBXTargetDependency */ = {
			isa = PBXTargetDependency;
			target = 27ECBB4F1EB3B3010029BCFA /* Acromine */;
			targetProxy = 27ECBB751EB3B3020029BCFA /* PBXContainerItemProxy */;
		};
/* End PBXTargetDependency section */

/* Begin PBXVariantGroup section */
		27ECBB5C1EB3B3020029BCFA /* Main.storyboard */ = {
			isa = PBXVariantGroup;
			children = (
				27ECBB5D1EB3B3020029BCFA /* Base */,
			);
			name = Main.storyboard;
			sourceTree = "<group>";
		};
		27ECBB611EB3B3020029BCFA /* LaunchScreen.storyboard */ = {
			isa = PBXVariantGroup;
			children = (
				27ECBB621EB3B3020029BCFA /* Base */,
			);
			name = LaunchScreen.storyboard;
			sourceTree = "<group>";
		};
/* End PBXVariantGroup section */

/* Begin XCBuildConfiguration section */
		27ECBB7B1EB3B3020029BCFA /* Debug */ = {
			isa = XCBuildConfiguration;
			buildSettings = {
				ALWAYS_SEARCH_USER_PATHS = NO;
				CLANG_ANALYZER_NONNULL = YES;
				CLANG_ANALYZER_NUMBER_OBJECT_CONVERSION = YES_AGGRESSIVE;
				CLANG_CXX_LANGUAGE_STANDARD = "gnu++0x";
				CLANG_CXX_LIBRARY = "libc++";
				CLANG_ENABLE_MODULES = YES;
				CLANG_ENABLE_OBJC_ARC = YES;
				CLANG_WARN_BOOL_CONVERSION = YES;
				CLANG_WARN_CONSTANT_CONVERSION = YES;
				CLANG_WARN_DIRECT_OBJC_ISA_USAGE = YES_ERROR;
				CLANG_WARN_DOCUMENTATION_COMMENTS = YES;
				CLANG_WARN_EMPTY_BODY = YES;
				CLANG_WARN_ENUM_CONVERSION = YES;
				CLANG_WARN_INFINITE_RECURSION = YES;
				CLANG_WARN_INT_CONVERSION = YES;
				CLANG_WARN_OBJC_ROOT_CLASS = YES_ERROR;
				CLANG_WARN_SUSPICIOUS_MOVE = YES;
				CLANG_WARN_UNREACHABLE_CODE = YES;
				CLANG_WARN__DUPLICATE_METHOD_MATCH = YES;
				"CODE_SIGN_IDENTITY[sdk=iphoneos*]" = "iPhone Developer";
				COPY_PHASE_STRIP = NO;
				DEBUG_INFORMATION_FORMAT = dwarf;
				ENABLE_STRICT_OBJC_MSGSEND = YES;
				ENABLE_TESTABILITY = YES;
				GCC_C_LANGUAGE_STANDARD = gnu99;
				GCC_DYNAMIC_NO_PIC = NO;
				GCC_NO_COMMON_BLOCKS = YES;
				GCC_OPTIMIZATION_LEVEL = 0;
				GCC_PREPROCESSOR_DEFINITIONS = (
					"DEBUG=1",
					"$(inherited)",
				);
				GCC_WARN_64_TO_32_BIT_CONVERSION = YES;
				GCC_WARN_ABOUT_RETURN_TYPE = YES_ERROR;
				GCC_WARN_UNDECLARED_SELECTOR = YES;
				GCC_WARN_UNINITIALIZED_AUTOS = YES_AGGRESSIVE;
				GCC_WARN_UNUSED_FUNCTION = YES;
				GCC_WARN_UNUSED_VARIABLE = YES;
				IPHONEOS_DEPLOYMENT_TARGET = 10.3;
				MTL_ENABLE_DEBUG_INFO = YES;
				ONLY_ACTIVE_ARCH = YES;
				SDKROOT = iphoneos;
			};
			name = Debug;
		};
		27ECBB7C1EB3B3020029BCFA /* Release */ = {
			isa = XCBuildConfiguration;
			buildSettings = {
				ALWAYS_SEARCH_USER_PATHS = NO;
				CLANG_ANALYZER_NONNULL = YES;
				CLANG_ANALYZER_NUMBER_OBJECT_CONVERSION = YES_AGGRESSIVE;
				CLANG_CXX_LANGUAGE_STANDARD = "gnu++0x";
				CLANG_CXX_LIBRARY = "libc++";
				CLANG_ENABLE_MODULES = YES;
				CLANG_ENABLE_OBJC_ARC = YES;
				CLANG_WARN_BOOL_CONVERSION = YES;
				CLANG_WARN_CONSTANT_CONVERSION = YES;
				CLANG_WARN_DIRECT_OBJC_ISA_USAGE = YES_ERROR;
				CLANG_WARN_DOCUMENTATION_COMMENTS = YES;
				CLANG_WARN_EMPTY_BODY = YES;
				CLANG_WARN_ENUM_CONVERSION = YES;
				CLANG_WARN_INFINITE_RECURSION = YES;
				CLANG_WARN_INT_CONVERSION = YES;
				CLANG_WARN_OBJC_ROOT_CLASS = YES_ERROR;
				CLANG_WARN_SUSPICIOUS_MOVE = YES;
				CLANG_WARN_UNREACHABLE_CODE = YES;
				CLANG_WARN__DUPLICATE_METHOD_MATCH = YES;
				"CODE_SIGN_IDENTITY[sdk=iphoneos*]" = "iPhone Developer";
				COPY_PHASE_STRIP = NO;
				DEBUG_INFORMATION_FORMAT = "dwarf-with-dsym";
				ENABLE_NS_ASSERTIONS = NO;
				ENABLE_STRICT_OBJC_MSGSEND = YES;
				GCC_C_LANGUAGE_STANDARD = gnu99;
				GCC_NO_COMMON_BLOCKS = YES;
				GCC_WARN_64_TO_32_BIT_CONVERSION = YES;
				GCC_WARN_ABOUT_RETURN_TYPE = YES_ERROR;
				GCC_WARN_UNDECLARED_SELECTOR = YES;
				GCC_WARN_UNINITIALIZED_AUTOS = YES_AGGRESSIVE;
				GCC_WARN_UNUSED_FUNCTION = YES;
				GCC_WARN_UNUSED_VARIABLE = YES;
				IPHONEOS_DEPLOYMENT_TARGET = 10.3;
				MTL_ENABLE_DEBUG_INFO = NO;
				SDKROOT = iphoneos;
				VALIDATE_PRODUCT = YES;
			};
			name = Release;
		};
		27ECBB7E1EB3B3020029BCFA /* Debug */ = {
			isa = XCBuildConfiguration;
			buildSettings = {
				ASSETCATALOG_COMPILER_APPICON_NAME = AppIcon;
				DEVELOPMENT_TEAM = MJQW94A385;
				INFOPLIST_FILE = Acromine/Info.plist;
				LD_RUNPATH_SEARCH_PATHS = "$(inherited) @executable_path/Frameworks";
				PRODUCT_BUNDLE_IDENTIFIER = com.mcdevzone.Acromine;
				PRODUCT_NAME = "$(TARGET_NAME)";
			};
			name = Debug;
		};
		27ECBB7F1EB3B3020029BCFA /* Release */ = {
			isa = XCBuildConfiguration;
			buildSettings = {
				ASSETCATALOG_COMPILER_APPICON_NAME = AppIcon;
				DEVELOPMENT_TEAM = MJQW94A385;
				INFOPLIST_FILE = Acromine/Info.plist;
				LD_RUNPATH_SEARCH_PATHS = "$(inherited) @executable_path/Frameworks";
				PRODUCT_BUNDLE_IDENTIFIER = com.mcdevzone.Acromine;
				PRODUCT_NAME = "$(TARGET_NAME)";
			};
			name = Release;
		};
		27ECBB811EB3B3020029BCFA /* Debug */ = {
			isa = XCBuildConfiguration;
			buildSettings = {
				BUNDLE_LOADER = "$(TEST_HOST)";
				DEVELOPMENT_TEAM = MJQW94A385;
				INFOPLIST_FILE = AcromineTests/Info.plist;
				LD_RUNPATH_SEARCH_PATHS = "$(inherited) @executable_path/Frameworks @loader_path/Frameworks";
				PRODUCT_BUNDLE_IDENTIFIER = com.mcdevzone.AcromineTests;
				PRODUCT_NAME = "$(TARGET_NAME)";
				TEST_HOST = "$(BUILT_PRODUCTS_DIR)/Acromine.app/Acromine";
			};
			name = Debug;
		};
		27ECBB821EB3B3020029BCFA /* Release */ = {
			isa = XCBuildConfiguration;
			buildSettings = {
				BUNDLE_LOADER = "$(TEST_HOST)";
				DEVELOPMENT_TEAM = MJQW94A385;
				INFOPLIST_FILE = AcromineTests/Info.plist;
				LD_RUNPATH_SEARCH_PATHS = "$(inherited) @executable_path/Frameworks @loader_path/Frameworks";
				PRODUCT_BUNDLE_IDENTIFIER = com.mcdevzone.AcromineTests;
				PRODUCT_NAME = "$(TARGET_NAME)";
				TEST_HOST = "$(BUILT_PRODUCTS_DIR)/Acromine.app/Acromine";
			};
			name = Release;
		};
		27ECBB841EB3B3020029BCFA /* Debug */ = {
			isa = XCBuildConfiguration;
			buildSettings = {
				DEVELOPMENT_TEAM = MJQW94A385;
				INFOPLIST_FILE = AcromineUITests/Info.plist;
				LD_RUNPATH_SEARCH_PATHS = "$(inherited) @executable_path/Frameworks @loader_path/Frameworks";
				PRODUCT_BUNDLE_IDENTIFIER = com.mcdevzone.AcromineUITests;
				PRODUCT_NAME = "$(TARGET_NAME)";
				TEST_TARGET_NAME = Acromine;
			};
			name = Debug;
		};
		27ECBB851EB3B3020029BCFA /* Release */ = {
			isa = XCBuildConfiguration;
			buildSettings = {
				DEVELOPMENT_TEAM = MJQW94A385;
				INFOPLIST_FILE = AcromineUITests/Info.plist;
				LD_RUNPATH_SEARCH_PATHS = "$(inherited) @executable_path/Frameworks @loader_path/Frameworks";
				PRODUCT_BUNDLE_IDENTIFIER = com.mcdevzone.AcromineUITests;
				PRODUCT_NAME = "$(TARGET_NAME)";
				TEST_TARGET_NAME = Acromine;
			};
			name = Release;
		};
/* End XCBuildConfiguration section */

/* Begin XCConfigurationList section */
		27ECBB4B1EB3B3010029BCFA /* Build configuration list for PBXProject "Acromine" */ = {
			isa = XCConfigurationList;
			buildConfigurations = (
				27ECBB7B1EB3B3020029BCFA /* Debug */,
				27ECBB7C1EB3B3020029BCFA /* Release */,
			);
			defaultConfigurationIsVisible = 0;
			defaultConfigurationName = Release;
		};
		27ECBB7D1EB3B3020029BCFA /* Build configuration list for PBXNativeTarget "Acromine" */ = {
			isa = XCConfigurationList;
			buildConfigurations = (
				27ECBB7E1EB3B3020029BCFA /* Debug */,
				27ECBB7F1EB3B3020029BCFA /* Release */,
			);
			defaultConfigurationIsVisible = 0;
		};
		27ECBB801EB3B3020029BCFA /* Build configuration list for PBXNativeTarget "AcromineTests" */ = {
			isa = XCConfigurationList;
			buildConfigurations = (
				27ECBB811EB3B3020029BCFA /* Debug */,
				27ECBB821EB3B3020029BCFA /* Release */,
			);
			defaultConfigurationIsVisible = 0;
		};
		27ECBB831EB3B3020029BCFA /* Build configuration list for PBXNativeTarget "AcromineUITests" */ = {
			isa = XCConfigurationList;
			buildConfigurations = (
				27ECBB841EB3B3020029BCFA /* Debug */,
				27ECBB851EB3B3020029BCFA /* Release */,
			);
			defaultConfigurationIsVisible = 0;
		};
/* End XCConfigurationList section */
	};
	rootObject = 27ECBB481EB3B3010029BCFA /* Project object */;
}
